
Microsoft Visual Studio Solution File, Format Version 12.00
# Visual Studio Version 17
VisualStudioVersion = 17.14.36915.13 d17.14
MinimumVisualStudioVersion = 10.0.40219.1
Project("{FAE04EC0-301F-11D3-BF4B-00C04F79EFBC}") = "Find_Missing_Number", "Find_Missing_Number.csproj", "{56BB45A3-7ED9-4DD5-BEFE-A9E40D56070E}"
EndProject
Global
	GlobalSection(SolutionConfigurationPlatforms) = preSolution
		Debug|Any CPU = Debug|Any CPU
		Release|Any CPU = Release|Any CPU
	EndGlobalSection
	GlobalSection(ProjectConfigurationPlatforms) = postSolution
		{56BB45A3-7ED9-4DD5-BEFE-A9E40D56070E}.Debug|Any CPU.ActiveCfg = Debug|Any CPU
		{56BB45A3-7ED9-4DD5-BEFE-A9E40D56070E}.Debug|Any CPU.Build.0 = Debug|Any CPU
		{56BB45A3-7ED9-4DD5-BEFE-A9E40D56070E}.Release|Any CPU.ActiveCfg = Release|Any CPU
		{56BB45A3-7ED9-4DD5-BEFE-A9E40D56070E}.Release|Any CPU.Build.0 = Release|Any CPU
	EndGlobalSection
	GlobalSection(SolutionProperties) = preSolution
		HideSolutionNode = FALSE
	EndGlobalSection
	GlobalSection(ExtensibilityGlobals) = postSolution
		SolutionGuid = {6515DF5B-88DE-4DCC-BA0D-91B140ADD9F2}
	EndGlobalSection
EndGlobal
